
Microsoft Visual Studio Solution File, Format Version 12.00
# Visual Studio 16
Project("{FAE04EC0-301F-11D3-BF4B-00C04F79EFBC}") = "Assembly-CSharp", "Assembly-CSharp.csproj", "{D1CCB610-E3D1-F76B-3009-017AC7491D42}"
EndProject
Project("{FAE04EC0-301F-11D3-BF4B-00C04F79EFBC}") = "Assembly-CSharp-Editor", "Assembly-CSharp-Editor.csproj", "{14046858-5C56-0D9C-BB74-CBF678A69A15}"
EndProject
Global
	GlobalSection(SolutionConfigurationPlatforms) = preSolution
		Debug|Any CPU = Debug|Any CPU
		Release|Any CPU = Release|Any CPU
	EndGlobalSection
	GlobalSection(ProjectConfigurationPlatforms) = postSolution
		{D1CCB610-E3D1-F76B-3009-017AC7491D42}.Debug|Any CPU.ActiveCfg = Debug|Any CPU
		{D1CCB610-E3D1-F76B-3009-017AC7491D42}.Debug|Any CPU.Build.0 = Debug|Any CPU
		{D1CCB610-E3D1-F76B-3009-017AC7491D42}.Release|Any CPU.ActiveCfg = Release|Any CPU
		{D1CCB610-E3D1-F76B-3009-017AC7491D42}.Release|Any CPU.Build.0 = Release|Any CPU
		{14046858-5C56-0D9C-BB74-CBF678A69A15}.Debug|Any CPU.ActiveCfg = Debug|Any CPU
		{14046858-5C56-0D9C-BB74-CBF678A69A15}.Debug|Any CPU.Build.0 = Debug|Any CPU
		{14046858-5C56-0D9C-BB74-CBF678A69A15}.Release|Any CPU.ActiveCfg = Release|Any CPU
		{14046858-5C56-0D9C-BB74-CBF678A69A15}.Release|Any CPU.Build.0 = Release|Any CPU
	EndGlobalSection
	GlobalSection(SolutionProperties) = preSolution
		HideSolutionNode = FALSE
	EndGlobalSection
	GlobalSection(MonoDevelopProperties) = preSolution
		StartupItem = Assembly-CSharp.csproj
	EndGlobalSection
EndGlobal
